
Microsoft Visual Studio Solution File, Format Version 12.00
# Visual Studio 15
VisualStudioVersion = 15.0.28307.1259
MinimumVisualStudioVersion = 10.0.40219.1
Project("{FAE04EC0-301F-11D3-BF4B-00C04F79EFBC}") = "Course_work", "Course_work\Course_work.csproj", "{0FDF7B36-2C39-496D-88DB-F1B04B699EB2}"
EndProject
Global
	GlobalSection(SolutionConfigurationPlatforms) = preSolution
		Debug|Any CPU = Debug|Any CPU
		Release|Any CPU = Release|Any CPU
	EndGlobalSection
	GlobalSection(ProjectConfigurationPlatforms) = postSolution
		{0FDF7B36-2C39-496D-88DB-F1B04B699EB2}.Debug|Any CPU.ActiveCfg = Debug|Any CPU
		{0FDF7B36-2C39-496D-88DB-F1B04B699EB2}.Debug|Any CPU.Build.0 = Debug|Any CPU
		{0FDF7B36-2C39-496D-88DB-F1B04B699EB2}.Release|Any CPU.ActiveCfg = Release|Any CPU
		{0FDF7B36-2C39-496D-88DB-F1B04B699EB2}.Release|Any CPU.Build.0 = Release|Any CPU
	EndGlobalSection
	GlobalSection(SolutionProperties) = preSolution
		HideSolutionNode = FALSE
	EndGlobalSection
	GlobalSection(ExtensibilityGlobals) = postSolution
		SolutionGuid = {54D74FEA-FAAC-42B5-8A78-A717565B21E5}
	EndGlobalSection
EndGlobal
